
Microsoft Visual Studio Solution File, Format Version 12.00
# Visual Studio Version 16
VisualStudioVersion = 16.0.28803.156
MinimumVisualStudioVersion = 10.0.40219.1
Project("{9A19103F-16F7-4668-BE54-9A1E7A4F7556}") = "Picturepark.PressPortal.Demo", "Picturepark.PressPortal.Demo\Picturepark.PressPortal.Demo.csproj", "{9899B1B2-0537-4FCA-9D4C-BFD1E3E90C43}"
EndProject
Global
	GlobalSection(SolutionConfigurationPlatforms) = preSolution
		Debug|Any CPU = Debug|Any CPU
		Release|Any CPU = Release|Any CPU
	EndGlobalSection
	GlobalSection(ProjectConfigurationPlatforms) = postSolution
		{9899B1B2-0537-4FCA-9D4C-BFD1E3E90C43}.Debug|Any CPU.ActiveCfg = Debug|Any CPU
		{9899B1B2-0537-4FCA-9D4C-BFD1E3E90C43}.Debug|Any CPU.Build.0 = Debug|Any CPU
		{9899B1B2-0537-4FCA-9D4C-BFD1E3E90C43}.Release|Any CPU.ActiveCfg = Release|Any CPU
		{9899B1B2-0537-4FCA-9D4C-BFD1E3E90C43}.Release|Any CPU.Build.0 = Release|Any CPU
	EndGlobalSection
	GlobalSection(SolutionProperties) = preSolution
		HideSolutionNode = FALSE
	EndGlobalSection
	GlobalSection(ExtensibilityGlobals) = postSolution
		SolutionGuid = {D74445A8-EB81-4A07-A0D9-184EDF63EAD5}
	EndGlobalSection
EndGlobal
